
Microsoft Visual Studio Solution File, Format Version 12.00
# Visual Studio 15
VisualStudioVersion = 15.0.27703.2035
MinimumVisualStudioVersion = 10.0.40219.1
Project("{8BC9CEB8-8B4A-11D0-8D11-00A0C91BC942}") = "ffscript", "ffscript\ffscript.vcxproj", "{62653E92-4237-4105-8A30-C5BCC814CA67}"
EndProject
Project("{8BC9CEB8-8B4A-11D0-8D11-00A0C91BC942}") = "ffscriptUT", "ffscriptUT\ffscriptUT.vcxproj", "{2F0875A1-2729-4331-B077-D720D48DCE75}"
	ProjectSection(ProjectDependencies) = postProject
		{B74DA622-9C2C-4E28-815A-393F090348C0} = {B74DA622-9C2C-4E28-815A-393F090348C0}
		{62653E92-4237-4105-8A30-C5BCC814CA67} = {62653E92-4237-4105-8A30-C5BCC814CA67}
	EndProjectSection
EndProject
Project("{8BC9CEB8-8B4A-11D0-8D11-00A0C91BC942}") = "ffscriptLibrary", "ffscriptLibrary\ffscriptLibrary.vcxproj", "{B74DA622-9C2C-4E28-815A-393F090348C0}"
EndProject
Project("{2150E333-8FDC-42A3-9474-1A3956D46DE8}") = "tutorials", "tutorials", "{EA85A6DF-5B3B-40BE-A9FB-0E2BFB7F692C}"
EndProject
Global
	GlobalSection(SolutionConfigurationPlatforms) = preSolution
		Debug|x64 = Debug|x64
		Debug|x86 = Debug|x86
		Dll_debug|x64 = Dll_debug|x64
		Dll_debug|x86 = Dll_debug|x86
		Dll_Release|x64 = Dll_Release|x64
		Dll_Release|x86 = Dll_Release|x86
		Release|x64 = Release|x64
		Release|x86 = Release|x86
	EndGlobalSection
	GlobalSection(ProjectConfigurationPlatforms) = postSolution
		{62653E92-4237-4105-8A30-C5BCC814CA67}.Debug|x64.ActiveCfg = Debug|x64
		{62653E92-4237-4105-8A30-C5BCC814CA67}.Debug|x64.Build.0 = Debug|x64
		{62653E92-4237-4105-8A30-C5BCC814CA67}.Debug|x86.ActiveCfg = Debug|Win32
		{62653E92-4237-4105-8A30-C5BCC814CA67}.Debug|x86.Build.0 = Debug|Win32
		{62653E92-4237-4105-8A30-C5BCC814CA67}.Dll_debug|x64.ActiveCfg = Dll_debug|x64
		{62653E92-4237-4105-8A30-C5BCC814CA67}.Dll_debug|x64.Build.0 = Dll_debug|x64
		{62653E92-4237-4105-8A30-C5BCC814CA67}.Dll_debug|x86.ActiveCfg = Dll_debug|Win32
		{62653E92-4237-4105-8A30-C5BCC814CA67}.Dll_debug|x86.Build.0 = Dll_debug|Win32
		{62653E92-4237-4105-8A30-C5BCC814CA67}.Dll_Release|x64.ActiveCfg = Dll_Release|x64
		{62653E92-4237-4105-8A30-C5BCC814CA67}.Dll_Release|x64.Build.0 = Dll_Release|x64
		{62653E92-4237-4105-8A30-C5BCC814CA67}.Dll_Release|x86.ActiveCfg = Dll_Release|Win32
		{62653E92-4237-4105-8A30-C5BCC814CA67}.Dll_Release|x86.Build.0 = Dll_Release|Win32
		{62653E92-4237-4105-8A30-C5BCC814CA67}.Release|x64.ActiveCfg = Release|x64
		{62653E92-4237-4105-8A30-C5BCC814CA67}.Release|x64.Build.0 = Release|x64
		{62653E92-4237-4105-8A30-C5BCC814CA67}.Release|x86.ActiveCfg = Release|Win32
		{62653E92-4237-4105-8A30-C5BCC814CA67}.Release|x86.Build.0 = Release|Win32
		{2F0875A1-2729-4331-B077-D720D48DCE75}.Debug|x64.ActiveCfg = Debug|x64
		{2F0875A1-2729-4331-B077-D720D48DCE75}.Debug|x64.Build.0 = Debug|x64
		{2F0875A1-2729-4331-B077-D720D48DCE75}.Debug|x86.ActiveCfg = Debug|Win32
		{2F0875A1-2729-4331-B077-D720D48DCE75}.Debug|x86.Build.0 = Debug|Win32
		{2F0875A1-2729-4331-B077-D720D48DCE75}.Dll_debug|x64.ActiveCfg = Debug|x64
		{2F0875A1-2729-4331-B077-D720D48DCE75}.Dll_debug|x64.Build.0 = Debug|x64
		{2F0875A1-2729-4331-B077-D720D48DCE75}.Dll_debug|x86.ActiveCfg = Debug|Win32
		{2F0875A1-2729-4331-B077-D720D48DCE75}.Dll_debug|x86.Build.0 = Debug|Win32
		{2F0875A1-2729-4331-B077-D720D48DCE75}.Dll_Release|x64.ActiveCfg = Release|x64
		{2F0875A1-2729-4331-B077-D720D48DCE75}.Dll_Release|x64.Build.0 = Release|x64
		{2F0875A1-2729-4331-B077-D720D48DCE75}.Dll_Release|x86.ActiveCfg = Release|Win32
		{2F0875A1-2729-4331-B077-D720D48DCE75}.Dll_Release|x86.Build.0 = Release|Win32
		{2F0875A1-2729-4331-B077-D720D48DCE75}.Release|x64.ActiveCfg = Release|x64
		{2F0875A1-2729-4331-B077-D720D48DCE75}.Release|x64.Build.0 = Release|x64
		{2F0875A1-2729-4331-B077-D720D48DCE75}.Release|x86.ActiveCfg = Release|Win32
		{2F0875A1-2729-4331-B077-D720D48DCE75}.Release|x86.Build.0 = Release|Win32
		{B74DA622-9C2C-4E28-815A-393F090348C0}.Debug|x64.ActiveCfg = Debug|x64
		{B74DA622-9C2C-4E28-815A-393F090348C0}.Debug|x64.Build.0 = Debug|x64
		{B74DA622-9C2C-4E28-815A-393F090348C0}.Debug|x86.ActiveCfg = Debug|Win32
		{B74DA622-9C2C-4E28-815A-393F090348C0}.Debug|x86.Build.0 = Debug|Win32
		{B74DA622-9C2C-4E28-815A-393F090348C0}.Dll_debug|x64.ActiveCfg = Debug|x64
		{B74DA622-9C2C-4E28-815A-393F090348C0}.Dll_debug|x64.Build.0 = Debug|x64
		{B74DA622-9C2C-4E28-815A-393F090348C0}.Dll_debug|x86.ActiveCfg = Debug|Win32
		{B74DA622-9C2C-4E28-815A-393F090348C0}.Dll_debug|x86.Build.0 = Debug|Win32
		{B74DA622-9C2C-4E28-815A-393F090348C0}.Dll_Release|x64.ActiveCfg = Release|x64
		{B74DA622-9C2C-4E28-815A-393F090348C0}.Dll_Release|x64.Build.0 = Release|x64
		{B74DA622-9C2C-4E28-815A-393F090348C0}.Dll_Release|x86.ActiveCfg = Release|Win32
		{B74DA622-9C2C-4E28-815A-393F090348C0}.Dll_Release|x86.Build.0 = Release|Win32
		{B74DA622-9C2C-4E28-815A-393F090348C0}.Release|x64.ActiveCfg = Release|x64
		{B74DA622-9C2C-4E28-815A-393F090348C0}.Release|x64.Build.0 = Release|x64
		{B74DA622-9C2C-4E28-815A-393F090348C0}.Release|x86.ActiveCfg = Release|Win32
		{B74DA622-9C2C-4E28-815A-393F090348C0}.Release|x86.Build.0 = Release|Win32
	EndGlobalSection
	GlobalSection(SolutionProperties) = preSolution
		HideSolutionNode = FALSE
	EndGlobalSection
	GlobalSection(ExtensibilityGlobals) = postSolution
		SolutionGuid = {178FF0E3-46E8-4EB0-8DD6-00CD000C7A24}
	EndGlobalSection
EndGlobal
