
Microsoft Visual Studio Solution File, Format Version 12.00
# Visual Studio 15
VisualStudioVersion = 15.0.28010.2046
MinimumVisualStudioVersion = 10.0.40219.1
Project("{8BC9CEB8-8B4A-11D0-8D11-00A0C91BC942}") = "ffscript", "ffscript\ffscript.vcxproj", "{62653E92-4237-4105-8A30-C5BCC814CA67}"
EndProject
Project("{8BC9CEB8-8B4A-11D0-8D11-00A0C91BC942}") = "ffscriptLibrary", "ffscriptLibrary\ffscriptLibrary.vcxproj", "{B74DA622-9C2C-4E28-815A-393F090348C0}"
	ProjectSection(ProjectDependencies) = postProject
		{62653E92-4237-4105-8A30-C5BCC814CA67} = {62653E92-4237-4105-8A30-C5BCC814CA67}
	EndProjectSection
EndProject
Project("{2150E333-8FDC-42A3-9474-1A3956D46DE8}") = "tutorials", "tutorials", "{EA85A6DF-5B3B-40BE-A9FB-0E2BFB7F692C}"
EndProject
Project("{8BC9CEB8-8B4A-11D0-8D11-00A0C91BC942}") = "CoActionRecursive", "tutorials\CoActionRecursive\CoActionRecursive.vcxproj", "{E5C2F7D9-11EC-407A-8B2D-C7A78F131548}"
	ProjectSection(ProjectDependencies) = postProject
		{B74DA622-9C2C-4E28-815A-393F090348C0} = {B74DA622-9C2C-4E28-815A-393F090348C0}
		{62653E92-4237-4105-8A30-C5BCC814CA67} = {62653E92-4237-4105-8A30-C5BCC814CA67}
	EndProjectSection
EndProject
Project("{8BC9CEB8-8B4A-11D0-8D11-00A0C91BC942}") = "HelloWorld", "tutorials\HelloWorld\HelloWorld.vcxproj", "{078E5DAB-7D6F-4ED6-989A-BB59E1A454D9}"
	ProjectSection(ProjectDependencies) = postProject
		{B74DA622-9C2C-4E28-815A-393F090348C0} = {B74DA622-9C2C-4E28-815A-393F090348C0}
		{62653E92-4237-4105-8A30-C5BCC814CA67} = {62653E92-4237-4105-8A30-C5BCC814CA67}
	EndProjectSection
EndProject
Project("{8BC9CEB8-8B4A-11D0-8D11-00A0C91BC942}") = "DataExchange", "tutorials\DataExchange\DataExchange.vcxproj", "{47B631DC-903D-49FC-B788-4F4AB36FF0A6}"
	ProjectSection(ProjectDependencies) = postProject
		{B74DA622-9C2C-4E28-815A-393F090348C0} = {B74DA622-9C2C-4E28-815A-393F090348C0}
		{62653E92-4237-4105-8A30-C5BCC814CA67} = {62653E92-4237-4105-8A30-C5BCC814CA67}
	EndProjectSection
EndProject
Project("{8BC9CEB8-8B4A-11D0-8D11-00A0C91BC942}") = "MultiThread", "tutorials\MultiThread\MultiThread.vcxproj", "{46A4A2B3-C227-42DD-B77C-E1785D1B16CF}"
	ProjectSection(ProjectDependencies) = postProject
		{B74DA622-9C2C-4E28-815A-393F090348C0} = {B74DA622-9C2C-4E28-815A-393F090348C0}
		{62653E92-4237-4105-8A30-C5BCC814CA67} = {62653E92-4237-4105-8A30-C5BCC814CA67}
	EndProjectSection
EndProject
Project("{8BC9CEB8-8B4A-11D0-8D11-00A0C91BC942}") = "MultiThreadCpp", "tutorials\MultiThreadCpp\MultiThreadCpp.vcxproj", "{7AA83C15-FA9E-46D3-B573-F591272689F2}"
	ProjectSection(ProjectDependencies) = postProject
		{B74DA622-9C2C-4E28-815A-393F090348C0} = {B74DA622-9C2C-4E28-815A-393F090348C0}
		{62653E92-4237-4105-8A30-C5BCC814CA67} = {62653E92-4237-4105-8A30-C5BCC814CA67}
	EndProjectSection
EndProject
Project("{8BC9CEB8-8B4A-11D0-8D11-00A0C91BC942}") = "SingleExpression", "tutorials\SingleExpression\SingleExpression.vcxproj", "{9411719B-1282-4268-B411-FC1DB9A975C5}"
	ProjectSection(ProjectDependencies) = postProject
		{B74DA622-9C2C-4E28-815A-393F090348C0} = {B74DA622-9C2C-4E28-815A-393F090348C0}
		{62653E92-4237-4105-8A30-C5BCC814CA67} = {62653E92-4237-4105-8A30-C5BCC814CA67}
	EndProjectSection
EndProject
Project("{8BC9CEB8-8B4A-11D0-8D11-00A0C91BC942}") = "DynamicParameterFunction", "tutorials\DynamicParameterFunction\DynamicParameterFunction.vcxproj", "{58739019-A451-4E40-91AD-596BDAC94B67}"
	ProjectSection(ProjectDependencies) = postProject
		{B74DA622-9C2C-4E28-815A-393F090348C0} = {B74DA622-9C2C-4E28-815A-393F090348C0}
		{62653E92-4237-4105-8A30-C5BCC814CA67} = {62653E92-4237-4105-8A30-C5BCC814CA67}
	EndProjectSection
EndProject
Project("{8BC9CEB8-8B4A-11D0-8D11-00A0C91BC942}") = "ContructorsDestructor", "tutorials\ContructorsDestructor\ContructorsDestructor.vcxproj", "{A500E647-420A-4A56-94C1-9EC5B23966B8}"
	ProjectSection(ProjectDependencies) = postProject
		{B74DA622-9C2C-4E28-815A-393F090348C0} = {B74DA622-9C2C-4E28-815A-393F090348C0}
		{62653E92-4237-4105-8A30-C5BCC814CA67} = {62653E92-4237-4105-8A30-C5BCC814CA67}
	EndProjectSection
EndProject
Global
	GlobalSection(SolutionConfigurationPlatforms) = preSolution
		Debug|x64 = Debug|x64
		Debug|x86 = Debug|x86
		Dll_debug|x64 = Dll_debug|x64
		Dll_debug|x86 = Dll_debug|x86
		Dll_Release|x64 = Dll_Release|x64
		Dll_Release|x86 = Dll_Release|x86
		Release|x64 = Release|x64
		Release|x86 = Release|x86
	EndGlobalSection
	GlobalSection(ProjectConfigurationPlatforms) = postSolution
		{62653E92-4237-4105-8A30-C5BCC814CA67}.Debug|x64.ActiveCfg = Debug|x64
		{62653E92-4237-4105-8A30-C5BCC814CA67}.Debug|x64.Build.0 = Debug|x64
		{62653E92-4237-4105-8A30-C5BCC814CA67}.Debug|x86.ActiveCfg = Debug|Win32
		{62653E92-4237-4105-8A30-C5BCC814CA67}.Debug|x86.Build.0 = Debug|Win32
		{62653E92-4237-4105-8A30-C5BCC814CA67}.Dll_debug|x64.ActiveCfg = Dll_debug|x64
		{62653E92-4237-4105-8A30-C5BCC814CA67}.Dll_debug|x64.Build.0 = Dll_debug|x64
		{62653E92-4237-4105-8A30-C5BCC814CA67}.Dll_debug|x86.ActiveCfg = Dll_debug|Win32
		{62653E92-4237-4105-8A30-C5BCC814CA67}.Dll_debug|x86.Build.0 = Dll_debug|Win32
		{62653E92-4237-4105-8A30-C5BCC814CA67}.Dll_Release|x64.ActiveCfg = Dll_Release|x64
		{62653E92-4237-4105-8A30-C5BCC814CA67}.Dll_Release|x64.Build.0 = Dll_Release|x64
		{62653E92-4237-4105-8A30-C5BCC814CA67}.Dll_Release|x86.ActiveCfg = Dll_Release|Win32
		{62653E92-4237-4105-8A30-C5BCC814CA67}.Dll_Release|x86.Build.0 = Dll_Release|Win32
		{62653E92-4237-4105-8A30-C5BCC814CA67}.Release|x64.ActiveCfg = Release|x64
		{62653E92-4237-4105-8A30-C5BCC814CA67}.Release|x64.Build.0 = Release|x64
		{62653E92-4237-4105-8A30-C5BCC814CA67}.Release|x86.ActiveCfg = Release|Win32
		{62653E92-4237-4105-8A30-C5BCC814CA67}.Release|x86.Build.0 = Release|Win32
		{B74DA622-9C2C-4E28-815A-393F090348C0}.Debug|x64.ActiveCfg = Debug|x64
		{B74DA622-9C2C-4E28-815A-393F090348C0}.Debug|x64.Build.0 = Debug|x64
		{B74DA622-9C2C-4E28-815A-393F090348C0}.Debug|x86.ActiveCfg = Debug|Win32
		{B74DA622-9C2C-4E28-815A-393F090348C0}.Debug|x86.Build.0 = Debug|Win32
		{B74DA622-9C2C-4E28-815A-393F090348C0}.Dll_debug|x64.ActiveCfg = Debug|x64
		{B74DA622-9C2C-4E28-815A-393F090348C0}.Dll_debug|x64.Build.0 = Debug|x64
		{B74DA622-9C2C-4E28-815A-393F090348C0}.Dll_debug|x86.ActiveCfg = Debug|Win32
		{B74DA622-9C2C-4E28-815A-393F090348C0}.Dll_debug|x86.Build.0 = Debug|Win32
		{B74DA622-9C2C-4E28-815A-393F090348C0}.Dll_Release|x64.ActiveCfg = Release|x64
		{B74DA622-9C2C-4E28-815A-393F090348C0}.Dll_Release|x64.Build.0 = Release|x64
		{B74DA622-9C2C-4E28-815A-393F090348C0}.Dll_Release|x86.ActiveCfg = Release|Win32
		{B74DA622-9C2C-4E28-815A-393F090348C0}.Dll_Release|x86.Build.0 = Release|Win32
		{B74DA622-9C2C-4E28-815A-393F090348C0}.Release|x64.ActiveCfg = Release|x64
		{B74DA622-9C2C-4E28-815A-393F090348C0}.Release|x64.Build.0 = Release|x64
		{B74DA622-9C2C-4E28-815A-393F090348C0}.Release|x86.ActiveCfg = Release|Win32
		{B74DA622-9C2C-4E28-815A-393F090348C0}.Release|x86.Build.0 = Release|Win32
		{E5C2F7D9-11EC-407A-8B2D-C7A78F131548}.Debug|x64.ActiveCfg = Debug|x64
		{E5C2F7D9-11EC-407A-8B2D-C7A78F131548}.Debug|x64.Build.0 = Debug|x64
		{E5C2F7D9-11EC-407A-8B2D-C7A78F131548}.Debug|x86.ActiveCfg = Debug|Win32
		{E5C2F7D9-11EC-407A-8B2D-C7A78F131548}.Debug|x86.Build.0 = Debug|Win32
		{E5C2F7D9-11EC-407A-8B2D-C7A78F131548}.Dll_debug|x64.ActiveCfg = Debug|x64
		{E5C2F7D9-11EC-407A-8B2D-C7A78F131548}.Dll_debug|x64.Build.0 = Debug|x64
		{E5C2F7D9-11EC-407A-8B2D-C7A78F131548}.Dll_debug|x86.ActiveCfg = Debug|Win32
		{E5C2F7D9-11EC-407A-8B2D-C7A78F131548}.Dll_debug|x86.Build.0 = Debug|Win32
		{E5C2F7D9-11EC-407A-8B2D-C7A78F131548}.Dll_Release|x64.ActiveCfg = Release|x64
		{E5C2F7D9-11EC-407A-8B2D-C7A78F131548}.Dll_Release|x64.Build.0 = Release|x64
		{E5C2F7D9-11EC-407A-8B2D-C7A78F131548}.Dll_Release|x86.ActiveCfg = Release|Win32
		{E5C2F7D9-11EC-407A-8B2D-C7A78F131548}.Dll_Release|x86.Build.0 = Release|Win32
		{E5C2F7D9-11EC-407A-8B2D-C7A78F131548}.Release|x64.ActiveCfg = Release|x64
		{E5C2F7D9-11EC-407A-8B2D-C7A78F131548}.Release|x64.Build.0 = Release|x64
		{E5C2F7D9-11EC-407A-8B2D-C7A78F131548}.Release|x86.ActiveCfg = Release|Win32
		{E5C2F7D9-11EC-407A-8B2D-C7A78F131548}.Release|x86.Build.0 = Release|Win32
		{078E5DAB-7D6F-4ED6-989A-BB59E1A454D9}.Debug|x64.ActiveCfg = Debug|x64
		{078E5DAB-7D6F-4ED6-989A-BB59E1A454D9}.Debug|x64.Build.0 = Debug|x64
		{078E5DAB-7D6F-4ED6-989A-BB59E1A454D9}.Debug|x86.ActiveCfg = Debug|Win32
		{078E5DAB-7D6F-4ED6-989A-BB59E1A454D9}.Debug|x86.Build.0 = Debug|Win32
		{078E5DAB-7D6F-4ED6-989A-BB59E1A454D9}.Dll_debug|x64.ActiveCfg = Debug|x64
		{078E5DAB-7D6F-4ED6-989A-BB59E1A454D9}.Dll_debug|x64.Build.0 = Debug|x64
		{078E5DAB-7D6F-4ED6-989A-BB59E1A454D9}.Dll_debug|x86.ActiveCfg = Debug|Win32
		{078E5DAB-7D6F-4ED6-989A-BB59E1A454D9}.Dll_debug|x86.Build.0 = Debug|Win32
		{078E5DAB-7D6F-4ED6-989A-BB59E1A454D9}.Dll_Release|x64.ActiveCfg = Release|x64
		{078E5DAB-7D6F-4ED6-989A-BB59E1A454D9}.Dll_Release|x64.Build.0 = Release|x64
		{078E5DAB-7D6F-4ED6-989A-BB59E1A454D9}.Dll_Release|x86.ActiveCfg = Release|Win32
		{078E5DAB-7D6F-4ED6-989A-BB59E1A454D9}.Dll_Release|x86.Build.0 = Release|Win32
		{078E5DAB-7D6F-4ED6-989A-BB59E1A454D9}.Release|x64.ActiveCfg = Release|x64
		{078E5DAB-7D6F-4ED6-989A-BB59E1A454D9}.Release|x64.Build.0 = Release|x64
		{078E5DAB-7D6F-4ED6-989A-BB59E1A454D9}.Release|x86.ActiveCfg = Release|Win32
		{078E5DAB-7D6F-4ED6-989A-BB59E1A454D9}.Release|x86.Build.0 = Release|Win32
		{47B631DC-903D-49FC-B788-4F4AB36FF0A6}.Debug|x64.ActiveCfg = Debug|x64
		{47B631DC-903D-49FC-B788-4F4AB36FF0A6}.Debug|x64.Build.0 = Debug|x64
		{47B631DC-903D-49FC-B788-4F4AB36FF0A6}.Debug|x86.ActiveCfg = Debug|Win32
		{47B631DC-903D-49FC-B788-4F4AB36FF0A6}.Debug|x86.Build.0 = Debug|Win32
		{47B631DC-903D-49FC-B788-4F4AB36FF0A6}.Dll_debug|x64.ActiveCfg = Debug|x64
		{47B631DC-903D-49FC-B788-4F4AB36FF0A6}.Dll_debug|x64.Build.0 = Debug|x64
		{47B631DC-903D-49FC-B788-4F4AB36FF0A6}.Dll_debug|x86.ActiveCfg = Debug|Win32
		{47B631DC-903D-49FC-B788-4F4AB36FF0A6}.Dll_debug|x86.Build.0 = Debug|Win32
		{47B631DC-903D-49FC-B788-4F4AB36FF0A6}.Dll_Release|x64.ActiveCfg = Release|x64
		{47B631DC-903D-49FC-B788-4F4AB36FF0A6}.Dll_Release|x64.Build.0 = Release|x64
		{47B631DC-903D-49FC-B788-4F4AB36FF0A6}.Dll_Release|x86.ActiveCfg = Release|Win32
		{47B631DC-903D-49FC-B788-4F4AB36FF0A6}.Dll_Release|x86.Build.0 = Release|Win32
		{47B631DC-903D-49FC-B788-4F4AB36FF0A6}.Release|x64.ActiveCfg = Release|x64
		{47B631DC-903D-49FC-B788-4F4AB36FF0A6}.Release|x64.Build.0 = Release|x64
		{47B631DC-903D-49FC-B788-4F4AB36FF0A6}.Release|x86.ActiveCfg = Release|Win32
		{47B631DC-903D-49FC-B788-4F4AB36FF0A6}.Release|x86.Build.0 = Release|Win32
		{46A4A2B3-C227-42DD-B77C-E1785D1B16CF}.Debug|x64.ActiveCfg = Debug|x64
		{46A4A2B3-C227-42DD-B77C-E1785D1B16CF}.Debug|x64.Build.0 = Debug|x64
		{46A4A2B3-C227-42DD-B77C-E1785D1B16CF}.Debug|x86.ActiveCfg = Debug|Win32
		{46A4A2B3-C227-42DD-B77C-E1785D1B16CF}.Debug|x86.Build.0 = Debug|Win32
		{46A4A2B3-C227-42DD-B77C-E1785D1B16CF}.Dll_debug|x64.ActiveCfg = Debug|x64
		{46A4A2B3-C227-42DD-B77C-E1785D1B16CF}.Dll_debug|x64.Build.0 = Debug|x64
		{46A4A2B3-C227-42DD-B77C-E1785D1B16CF}.Dll_debug|x86.ActiveCfg = Debug|Win32
		{46A4A2B3-C227-42DD-B77C-E1785D1B16CF}.Dll_debug|x86.Build.0 = Debug|Win32
		{46A4A2B3-C227-42DD-B77C-E1785D1B16CF}.Dll_Release|x64.ActiveCfg = Release|x64
		{46A4A2B3-C227-42DD-B77C-E1785D1B16CF}.Dll_Release|x64.Build.0 = Release|x64
		{46A4A2B3-C227-42DD-B77C-E1785D1B16CF}.Dll_Release|x86.ActiveCfg = Release|Win32
		{46A4A2B3-C227-42DD-B77C-E1785D1B16CF}.Dll_Release|x86.Build.0 = Release|Win32
		{46A4A2B3-C227-42DD-B77C-E1785D1B16CF}.Release|x64.ActiveCfg = Release|x64
		{46A4A2B3-C227-42DD-B77C-E1785D1B16CF}.Release|x64.Build.0 = Release|x64
		{46A4A2B3-C227-42DD-B77C-E1785D1B16CF}.Release|x86.ActiveCfg = Release|Win32
		{46A4A2B3-C227-42DD-B77C-E1785D1B16CF}.Release|x86.Build.0 = Release|Win32
		{7AA83C15-FA9E-46D3-B573-F591272689F2}.Debug|x64.ActiveCfg = Debug|x64
		{7AA83C15-FA9E-46D3-B573-F591272689F2}.Debug|x64.Build.0 = Debug|x64
		{7AA83C15-FA9E-46D3-B573-F591272689F2}.Debug|x86.ActiveCfg = Debug|Win32
		{7AA83C15-FA9E-46D3-B573-F591272689F2}.Debug|x86.Build.0 = Debug|Win32
		{7AA83C15-FA9E-46D3-B573-F591272689F2}.Dll_debug|x64.ActiveCfg = Debug|x64
		{7AA83C15-FA9E-46D3-B573-F591272689F2}.Dll_debug|x64.Build.0 = Debug|x64
		{7AA83C15-FA9E-46D3-B573-F591272689F2}.Dll_debug|x86.ActiveCfg = Debug|Win32
		{7AA83C15-FA9E-46D3-B573-F591272689F2}.Dll_debug|x86.Build.0 = Debug|Win32
		{7AA83C15-FA9E-46D3-B573-F591272689F2}.Dll_Release|x64.ActiveCfg = Release|x64
		{7AA83C15-FA9E-46D3-B573-F591272689F2}.Dll_Release|x64.Build.0 = Release|x64
		{7AA83C15-FA9E-46D3-B573-F591272689F2}.Dll_Release|x86.ActiveCfg = Release|Win32
		{7AA83C15-FA9E-46D3-B573-F591272689F2}.Dll_Release|x86.Build.0 = Release|Win32
		{7AA83C15-FA9E-46D3-B573-F591272689F2}.Release|x64.ActiveCfg = Release|x64
		{7AA83C15-FA9E-46D3-B573-F591272689F2}.Release|x64.Build.0 = Release|x64
		{7AA83C15-FA9E-46D3-B573-F591272689F2}.Release|x86.ActiveCfg = Release|Win32
		{7AA83C15-FA9E-46D3-B573-F591272689F2}.Release|x86.Build.0 = Release|Win32
		{9411719B-1282-4268-B411-FC1DB9A975C5}.Debug|x64.ActiveCfg = Debug|x64
		{9411719B-1282-4268-B411-FC1DB9A975C5}.Debug|x64.Build.0 = Debug|x64
		{9411719B-1282-4268-B411-FC1DB9A975C5}.Debug|x86.ActiveCfg = Debug|Win32
		{9411719B-1282-4268-B411-FC1DB9A975C5}.Debug|x86.Build.0 = Debug|Win32
		{9411719B-1282-4268-B411-FC1DB9A975C5}.Dll_debug|x64.ActiveCfg = Debug|x64
		{9411719B-1282-4268-B411-FC1DB9A975C5}.Dll_debug|x64.Build.0 = Debug|x64
		{9411719B-1282-4268-B411-FC1DB9A975C5}.Dll_debug|x86.ActiveCfg = Debug|Win32
		{9411719B-1282-4268-B411-FC1DB9A975C5}.Dll_debug|x86.Build.0 = Debug|Win32
		{9411719B-1282-4268-B411-FC1DB9A975C5}.Dll_Release|x64.ActiveCfg = Release|x64
		{9411719B-1282-4268-B411-FC1DB9A975C5}.Dll_Release|x64.Build.0 = Release|x64
		{9411719B-1282-4268-B411-FC1DB9A975C5}.Dll_Release|x86.ActiveCfg = Release|Win32
		{9411719B-1282-4268-B411-FC1DB9A975C5}.Dll_Release|x86.Build.0 = Release|Win32
		{9411719B-1282-4268-B411-FC1DB9A975C5}.Release|x64.ActiveCfg = Release|x64
		{9411719B-1282-4268-B411-FC1DB9A975C5}.Release|x64.Build.0 = Release|x64
		{9411719B-1282-4268-B411-FC1DB9A975C5}.Release|x86.ActiveCfg = Release|Win32
		{9411719B-1282-4268-B411-FC1DB9A975C5}.Release|x86.Build.0 = Release|Win32
		{58739019-A451-4E40-91AD-596BDAC94B67}.Debug|x64.ActiveCfg = Debug|x64
		{58739019-A451-4E40-91AD-596BDAC94B67}.Debug|x64.Build.0 = Debug|x64
		{58739019-A451-4E40-91AD-596BDAC94B67}.Debug|x86.ActiveCfg = Debug|Win32
		{58739019-A451-4E40-91AD-596BDAC94B67}.Debug|x86.Build.0 = Debug|Win32
		{58739019-A451-4E40-91AD-596BDAC94B67}.Dll_debug|x64.ActiveCfg = Debug|x64
		{58739019-A451-4E40-91AD-596BDAC94B67}.Dll_debug|x64.Build.0 = Debug|x64
		{58739019-A451-4E40-91AD-596BDAC94B67}.Dll_debug|x86.ActiveCfg = Debug|Win32
		{58739019-A451-4E40-91AD-596BDAC94B67}.Dll_debug|x86.Build.0 = Debug|Win32
		{58739019-A451-4E40-91AD-596BDAC94B67}.Dll_Release|x64.ActiveCfg = Release|x64
		{58739019-A451-4E40-91AD-596BDAC94B67}.Dll_Release|x64.Build.0 = Release|x64
		{58739019-A451-4E40-91AD-596BDAC94B67}.Dll_Release|x86.ActiveCfg = Release|Win32
		{58739019-A451-4E40-91AD-596BDAC94B67}.Dll_Release|x86.Build.0 = Release|Win32
		{58739019-A451-4E40-91AD-596BDAC94B67}.Release|x64.ActiveCfg = Release|x64
		{58739019-A451-4E40-91AD-596BDAC94B67}.Release|x64.Build.0 = Release|x64
		{58739019-A451-4E40-91AD-596BDAC94B67}.Release|x86.ActiveCfg = Release|Win32
		{58739019-A451-4E40-91AD-596BDAC94B67}.Release|x86.Build.0 = Release|Win32
		{A500E647-420A-4A56-94C1-9EC5B23966B8}.Debug|x64.ActiveCfg = Debug|x64
		{A500E647-420A-4A56-94C1-9EC5B23966B8}.Debug|x64.Build.0 = Debug|x64
		{A500E647-420A-4A56-94C1-9EC5B23966B8}.Debug|x86.ActiveCfg = Debug|Win32
		{A500E647-420A-4A56-94C1-9EC5B23966B8}.Debug|x86.Build.0 = Debug|Win32
		{A500E647-420A-4A56-94C1-9EC5B23966B8}.Dll_debug|x64.ActiveCfg = Debug|x64
		{A500E647-420A-4A56-94C1-9EC5B23966B8}.Dll_debug|x64.Build.0 = Debug|x64
		{A500E647-420A-4A56-94C1-9EC5B23966B8}.Dll_debug|x86.ActiveCfg = Debug|Win32
		{A500E647-420A-4A56-94C1-9EC5B23966B8}.Dll_debug|x86.Build.0 = Debug|Win32
		{A500E647-420A-4A56-94C1-9EC5B23966B8}.Dll_Release|x64.ActiveCfg = Release|x64
		{A500E647-420A-4A56-94C1-9EC5B23966B8}.Dll_Release|x64.Build.0 = Release|x64
		{A500E647-420A-4A56-94C1-9EC5B23966B8}.Dll_Release|x86.ActiveCfg = Release|Win32
		{A500E647-420A-4A56-94C1-9EC5B23966B8}.Dll_Release|x86.Build.0 = Release|Win32
		{A500E647-420A-4A56-94C1-9EC5B23966B8}.Release|x64.ActiveCfg = Release|x64
		{A500E647-420A-4A56-94C1-9EC5B23966B8}.Release|x64.Build.0 = Release|x64
		{A500E647-420A-4A56-94C1-9EC5B23966B8}.Release|x86.ActiveCfg = Release|Win32
		{A500E647-420A-4A56-94C1-9EC5B23966B8}.Release|x86.Build.0 = Release|Win32
	EndGlobalSection
	GlobalSection(SolutionProperties) = preSolution
		HideSolutionNode = FALSE
	EndGlobalSection
	GlobalSection(NestedProjects) = preSolution
		{E5C2F7D9-11EC-407A-8B2D-C7A78F131548} = {EA85A6DF-5B3B-40BE-A9FB-0E2BFB7F692C}
		{078E5DAB-7D6F-4ED6-989A-BB59E1A454D9} = {EA85A6DF-5B3B-40BE-A9FB-0E2BFB7F692C}
		{47B631DC-903D-49FC-B788-4F4AB36FF0A6} = {EA85A6DF-5B3B-40BE-A9FB-0E2BFB7F692C}
		{46A4A2B3-C227-42DD-B77C-E1785D1B16CF} = {EA85A6DF-5B3B-40BE-A9FB-0E2BFB7F692C}
		{7AA83C15-FA9E-46D3-B573-F591272689F2} = {EA85A6DF-5B3B-40BE-A9FB-0E2BFB7F692C}
		{9411719B-1282-4268-B411-FC1DB9A975C5} = {EA85A6DF-5B3B-40BE-A9FB-0E2BFB7F692C}
		{58739019-A451-4E40-91AD-596BDAC94B67} = {EA85A6DF-5B3B-40BE-A9FB-0E2BFB7F692C}
		{A500E647-420A-4A56-94C1-9EC5B23966B8} = {EA85A6DF-5B3B-40BE-A9FB-0E2BFB7F692C}
	EndGlobalSection
	GlobalSection(ExtensibilityGlobals) = postSolution
		SolutionGuid = {178FF0E3-46E8-4EB0-8DD6-00CD000C7A24}
	EndGlobalSection
EndGlobal
