<?xml version="1.0" encoding="utf-8"?>
<Project ToolsVersion="4.0" xmlns="http://schemas.microsoft.com/developer/msbuild/2003">
  <ItemGroup>
    <Filter Include="Source Files">
      <UniqueIdentifier>{4FC737F1-C7A5-4376-A066-2A32D752A2FF}</UniqueIdentifier>
      <Extensions>cpp;c;cc;cxx;def;odl;idl;hpj;bat;asm;asmx</Extensions>
    </Filter>
    <Filter Include="Header Files">
      <UniqueIdentifier>{93995380-89BD-4b04-88EB-625FBE52EBFB}</UniqueIdentifier>
      <Extensions>h;hh;hpp;hxx;hm;inl;inc;xsd</Extensions>
    </Filter>
    <Filter Include="Resource Files">
      <UniqueIdentifier>{67DA6AB6-F800-4c08-8B7A-83BB121AAD01}</UniqueIdentifier>
      <Extensions>rc;ico;cur;bmp;dlg;rc2;rct;bin;rgs;gif;jpg;jpeg;jpe;resx;tiff;tif;png;wav;mfcribbon-ms</Extensions>
    </Filter>
  </ItemGroup>
  <ItemGroup>
    <ClInclude Include="stdafx.h">
      <Filter>Header Files</Filter>
    </ClInclude>
    <ClInclude Include="targetver.h">
      <Filter>Header Files</Filter>
    </ClInclude>
    <ClInclude Include="TemplateForTest.hpp">
      <Filter>Header Files</Filter>
    </ClInclude>
    <ClInclude Include="..\ffscript\ffscript.h">
      <Filter>Header Files</Filter>
    </ClInclude>
    <ClInclude Include="testfunctions.hpp">
      <Filter>Header Files</Filter>
    </ClInclude>
    <ClInclude Include="Utility.h">
      <Filter>Header Files</Filter>
    </ClInclude>
  </ItemGroup>
  <ItemGroup>
    <ClCompile Include="stdafx.cpp">
      <Filter>Source Files</Filter>
    </ClCompile>
    <ClCompile Include="ffscriptUT.cpp">
      <Filter>Source Files</Filter>
    </ClCompile>
    <ClCompile Include="STDFunctionUT.cpp">
      <Filter>Source Files</Filter>
    </ClCompile>
    <ClCompile Include="MemberFunctionUT.cpp">
      <Filter>Source Files</Filter>
    </ClCompile>
    <ClCompile Include="CdeclFunctionUT.cpp">
      <Filter>Source Files</Filter>
    </ClCompile>
    <ClCompile Include="ScriptCompilerUT.cpp">
      <Filter>Source Files</Filter>
    </ClCompile>
    <ClCompile Include="ExpressionUT.cpp">
      <Filter>Source Files</Filter>
    </ClCompile>
    <ClCompile Include="ExpressionLinkUT.cpp">
      <Filter>Source Files</Filter>
    </ClCompile>
    <ClCompile Include="Expression2PlainCodeUT.cpp">
      <Filter>Source Files</Filter>
    </ClCompile>
    <ClCompile Include="CompileProgramUT.cpp">
      <Filter>Source Files</Filter>
    </ClCompile>
    <ClCompile Include="CompileProgramUT2.cpp">
      <Filter>Source Files</Filter>
    </ClCompile>
    <ClCompile Include="CompileProgramInFile.cpp">
      <Filter>Source Files</Filter>
    </ClCompile>
    <ClCompile Include="BitwiseOperatorsUT.cpp">
      <Filter>Source Files</Filter>
    </ClCompile>
    <ClCompile Include="Utility.cpp">
      <Filter>Source Files</Filter>
    </ClCompile>
    <ClCompile Include="PostFixPrefixOperatorsUT.cpp">
      <Filter>Source Files</Filter>
    </ClCompile>
    <ClCompile Include="AssigmentCompoundUT.cpp">
      <Filter>Source Files</Filter>
    </ClCompile>
    <ClCompile Include="UnitTest1.cpp">
      <Filter>Source Files</Filter>
    </ClCompile>
    <ClCompile Include="CompileDynamicFunctionUT.cpp">
      <Filter>Source Files</Filter>
    </ClCompile>
    <ClCompile Include="RunDynamicFunctionUT.cpp">
      <Filter>Source Files</Filter>
    </ClCompile>
    <ClCompile Include="MultithreadUT.cpp">
      <Filter>Source Files</Filter>
    </ClCompile>
    <ClCompile Include="StructUT.cpp">
      <Filter>Source Files</Filter>
    </ClCompile>
    <ClCompile Include="VectorCompatibleUT.cpp">
      <Filter>Source Files</Filter>
    </ClCompile>
    <ClCompile Include="MultiCompilerUT.cpp">
      <Filter>Source Files</Filter>
    </ClCompile>
    <ClCompile Include="MultiProgramUT.cpp">
      <Filter>Source Files</Filter>
    </ClCompile>
    <ClCompile Include="ReusingCompilerUT.cpp">
      <Filter>Source Files</Filter>
    </ClCompile>
    <ClCompile Include="CompileSuiteUT.cpp">
      <Filter>Source Files</Filter>
    </ClCompile>
    <ClCompile Include="InternalComplierSuiteUT.cpp">
      <Filter>Source Files</Filter>
    </ClCompile>
    <ClCompile Include="ConditionalOperatorUT.cpp">
      <Filter>Source Files</Filter>
    </ClCompile>
    <ClCompile Include="MakePathsUT.cpp">
      <Filter>Source Files</Filter>
    </ClCompile>
    <ClCompile Include="ScriptTypeUT.cpp">
      <Filter>Source Files</Filter>
    </ClCompile>
    <ClCompile Include="SubscriptionUT.cpp">
      <Filter>Source Files</Filter>
    </ClCompile>
    <ClCompile Include="FFScriptArrayUT.cpp">
      <Filter>Source Files</Filter>
    </ClCompile>
    <ClCompile Include="DefaultOperatorsUT.cpp">
      <Filter>Source Files</Filter>
    </ClCompile>
    <ClCompile Include="ConstructorDestructorUT.cpp">
      <Filter>Source Files</Filter>
    </ClCompile>
    <ClCompile Include="ConstructorDestructorForCodeUT.cpp">
      <Filter>Source Files</Filter>
    </ClCompile>
    <ClCompile Include="OperatorBracketsUT.cpp">
      <Filter>Source Files</Filter>
    </ClCompile>
    <ClCompile Include="FuntionPointerUT.cpp">
      <Filter>Source Files</Filter>
    </ClCompile>
    <ClCompile Include="LambdaExpressionUT.cpp">
      <Filter>Source Files</Filter>
    </ClCompile>
    <ClCompile Include="SemiRefUT.cpp">
      <Filter>Source Files</Filter>
    </ClCompile>
    <ClCompile Include="CompletedConstructorDestructorsUT.cpp">
      <Filter>Source Files</Filter>
    </ClCompile>
    <ClCompile Include="StaticArrayUT.cpp">
      <Filter>Source Files</Filter>
    </ClCompile>
    <ClCompile Include="CompositeConstructorUT.cpp">
      <Filter>Source Files</Filter>
    </ClCompile>
    <ClCompile Include="FunctionHelperUT.cpp">
      <Filter>Source Files</Filter>
    </ClCompile>
    <ClCompile Include="UserLibraryUT.cpp">
      <Filter>Source Files</Filter>
    </ClCompile>
  </ItemGroup>
</Project>