<?xml version="1.0" encoding="utf-8"?>
<Project ToolsVersion="4.0" xmlns="http://schemas.microsoft.com/developer/msbuild/2003">
  <ItemGroup>
    <Filter Include="Source Files">
      <UniqueIdentifier>{4FC737F1-C7A5-4376-A066-2A32D752A2FF}</UniqueIdentifier>
      <Extensions>cpp;c;cc;cxx;def;odl;idl;hpj;bat;asm;asmx</Extensions>
    </Filter>
    <Filter Include="Header Files">
      <UniqueIdentifier>{93995380-89BD-4b04-88EB-625FBE52EBFB}</UniqueIdentifier>
      <Extensions>h;hh;hpp;hxx;hm;inl;inc;xsd</Extensions>
    </Filter>
    <Filter Include="Resource Files">
      <UniqueIdentifier>{67DA6AB6-F800-4c08-8B7A-83BB121AAD01}</UniqueIdentifier>
      <Extensions>rc;ico;cur;bmp;dlg;rc2;rct;bin;rgs;gif;jpg;jpeg;jpe;resx;tiff;tif;png;wav;mfcribbon-ms</Extensions>
    </Filter>
    <Filter Include="Header Files\Function">
      <UniqueIdentifier>{c21ea4f3-626e-4b70-a5c6-c89da97f5625}</UniqueIdentifier>
    </Filter>
    <Filter Include="Source Files\Function">
      <UniqueIdentifier>{5e741de7-3903-41f4-b9d7-b2936988521e}</UniqueIdentifier>
    </Filter>
    <Filter Include="template">
      <UniqueIdentifier>{4ad454a1-94ae-499a-bc04-4e9f83e20c41}</UniqueIdentifier>
    </Filter>
    <Filter Include="Tree">
      <UniqueIdentifier>{9119356f-d2cf-479a-97cb-1b1e92a5d1c2}</UniqueIdentifier>
    </Filter>
  </ItemGroup>
  <ItemGroup>
    <Text Include="ReadMe.txt" />
    <Text Include="Test.txt" />
  </ItemGroup>
  <ItemGroup>
    <ClInclude Include="stdafx.h">
      <Filter>Header Files</Filter>
    </ClInclude>
    <ClInclude Include="targetver.h">
      <Filter>Header Files</Filter>
    </ClInclude>
    <ClInclude Include="ExpresionParser.h">
      <Filter>Header Files</Filter>
    </ClInclude>
    <ClInclude Include="Expression.h">
      <Filter>Header Files</Filter>
    </ClInclude>
    <ClInclude Include="function\DynamicFunction.h">
      <Filter>Header Files\Function</Filter>
    </ClInclude>
    <ClInclude Include="Function\functioninternal.hpp">
      <Filter>Header Files\Function</Filter>
    </ClInclude>
    <ClInclude Include="function\CdeclFunction.hpp">
      <Filter>Header Files\Function</Filter>
    </ClInclude>
    <ClInclude Include="function\MemberFunction.hpp">
      <Filter>Header Files\Function</Filter>
    </ClInclude>
    <ClInclude Include="ScriptCompiler.h">
      <Filter>Header Files</Filter>
    </ClInclude>
    <ClInclude Include="ScriptScope.h">
      <Filter>Header Files</Filter>
    </ClInclude>
    <ClInclude Include="Variable.h">
      <Filter>Header Files</Filter>
    </ClInclude>
    <ClInclude Include="function\StdFunction.hpp">
      <Filter>Header Files\Function</Filter>
    </ClInclude>
    <ClInclude Include="unitType.h">
      <Filter>Header Files</Filter>
    </ClInclude>
    <ClInclude Include="expresion_defs.h">
      <Filter>Header Files</Filter>
    </ClInclude>
    <ClInclude Include="expressionunit.h">
      <Filter>Header Files</Filter>
    </ClInclude>
    <ClInclude Include="core_function.h">
      <Filter>Header Files</Filter>
    </ClInclude>
    <ClInclude Include="FactoryTree.h">
      <Filter>Header Files</Filter>
    </ClInclude>
    <ClInclude Include="FunctionFactory.h">
      <Filter>Header Files</Filter>
    </ClInclude>
    <ClInclude Include="Executor.h">
      <Filter>Header Files</Filter>
    </ClInclude>
    <ClInclude Include="Internal.h">
      <Filter>Header Files</Filter>
    </ClInclude>
    <ClInclude Include="function\DynamicFunction2.h">
      <Filter>Header Files\Function</Filter>
    </ClInclude>
    <ClInclude Include="function\CdeclFunction2.hpp">
      <Filter>Header Files\Function</Filter>
    </ClInclude>
    <ClInclude Include="function\functioninternal2.hpp">
      <Filter>Header Files\Function</Filter>
    </ClInclude>
    <ClInclude Include="Context.h">
      <Filter>Header Files</Filter>
    </ClInclude>
    <ClInclude Include="GlobalScope.h">
      <Filter>Header Files</Filter>
    </ClInclude>
    <ClInclude Include="Utils.h">
      <Filter>Header Files</Filter>
    </ClInclude>
    <ClInclude Include="Program.h">
      <Filter>Header Files</Filter>
    </ClInclude>
    <ClInclude Include="ContextScope.h">
      <Filter>Header Files</Filter>
    </ClInclude>
    <ClInclude Include="FunctionScope.h">
      <Filter>Header Files</Filter>
    </ClInclude>
    <ClInclude Include="SingleList.h">
      <Filter>Header Files</Filter>
    </ClInclude>
    <ClInclude Include="Supportfunctions.h">
      <Filter>Header Files</Filter>
    </ClInclude>
    <ClInclude Include="CommandUnit.h">
      <Filter>Header Files</Filter>
    </ClInclude>
    <ClInclude Include="ScriptFunction.h">
      <Filter>Header Files</Filter>
    </ClInclude>
    <ClInclude Include="BasicFunction.h">
      <Filter>Header Files</Filter>
    </ClInclude>
    <ClInclude Include="BasicType.h">
      <Filter>Header Files</Filter>
    </ClInclude>
    <ClInclude Include="MemoryBlock.h">
      <Filter>Header Files</Filter>
    </ClInclude>
    <ClInclude Include="RefFunction.h">
      <Filter>Header Files</Filter>
    </ClInclude>
    <ClInclude Include="StaticContext.h">
      <Filter>Header Files</Filter>
    </ClInclude>
    <ClInclude Include="ControllerExecutor.h">
      <Filter>Header Files</Filter>
    </ClInclude>
    <ClInclude Include="ExpUnitExecutor.h">
      <Filter>Header Files</Filter>
    </ClInclude>
    <ClInclude Include="ScriptTask.h">
      <Filter>Header Files</Filter>
    </ClInclude>
    <ClInclude Include="ObjectBlock.hpp">
      <Filter>Header Files</Filter>
    </ClInclude>
    <ClInclude Include="BasicFunctionFactory.hpp">
      <Filter>Header Files</Filter>
    </ClInclude>
    <ClInclude Include="InstructionCommand.h">
      <Filter>Header Files</Filter>
    </ClInclude>
    <ClInclude Include="function\MemberFunction2.hpp">
      <Filter>Header Files\Function</Filter>
    </ClInclude>
    <ClInclude Include="LoopScope.h">
      <Filter>Header Files</Filter>
    </ClInclude>
    <ClInclude Include="CommandTree.h">
      <Filter>Header Files</Filter>
    </ClInclude>
    <ClInclude Include="ffscript.h">
      <Filter>Header Files</Filter>
    </ClInclude>
    <ClInclude Include="ReservedContextScope.h">
      <Filter>Header Files</Filter>
    </ClInclude>
    <ClInclude Include="tree\Tree.h">
      <Filter>Tree</Filter>
    </ClInclude>
    <ClInclude Include="template\TemplateBlock.hpp">
      <Filter>template</Filter>
    </ClInclude>
    <ClInclude Include="template\TemplateTypeManager.h">
      <Filter>template</Filter>
    </ClInclude>
    <ClInclude Include="DynamicFunctionFactory.h">
      <Filter>Header Files</Filter>
    </ClInclude>
    <ClInclude Include="StructClass.h">
      <Filter>Header Files</Filter>
    </ClInclude>
    <ClInclude Include="MemberVariableAccessors.h">
      <Filter>Header Files</Filter>
    </ClInclude>
    <ClInclude Include="CodeUpdater.h">
      <Filter>Header Files</Filter>
    </ClInclude>
    <ClInclude Include="ScopedContext.h">
      <Filter>Header Files</Filter>
    </ClInclude>
    <ClInclude Include="ScopedCompilingScope.h">
      <Filter>Header Files</Filter>
    </ClInclude>
    <ClInclude Include="FunctionRegisterHelper.h">
      <Filter>Header Files</Filter>
    </ClInclude>
    <ClInclude Include="FuncLibrary.h">
      <Filter>Header Files</Filter>
    </ClInclude>
    <ClInclude Include="TypeManager.h">
      <Filter>Header Files</Filter>
    </ClInclude>
    <ClInclude Include="InternalCompilerSuite.h">
      <Filter>Header Files</Filter>
    </ClInclude>
    <ClInclude Include="CompilerSuite.h">
      <Filter>Header Files</Filter>
    </ClInclude>
    <ClInclude Include="ConditionalOperator.h">
      <Filter>Header Files</Filter>
    </ClInclude>
    <ClInclude Include="BasicOperators.hpp">
      <Filter>Header Files</Filter>
    </ClInclude>
    <ClInclude Include="LogicCommands.hpp">
      <Filter>Header Files</Filter>
    </ClInclude>
    <ClInclude Include="DefaultCommands.h">
      <Filter>Header Files</Filter>
    </ClInclude>
    <ClInclude Include="OverloadingRules.h">
      <Filter>Header Files</Filter>
    </ClInclude>
    <ClInclude Include="ScriptType.h">
      <Filter>Header Files</Filter>
    </ClInclude>
    <ClInclude Include="ScriptArgStream.h">
      <Filter>Header Files</Filter>
    </ClInclude>
    <ClInclude Include="FFScriptArray.hpp">
      <Filter>Header Files</Filter>
    </ClInclude>
    <ClInclude Include="function\MemberFunction2Ref.hpp">
      <Filter>Header Files\Function</Filter>
    </ClInclude>
    <ClInclude Include="Template.h">
      <Filter>Header Files</Filter>
    </ClInclude>
    <ClInclude Include="OperatorObject.h">
      <Filter>Header Files</Filter>
    </ClInclude>
    <ClInclude Include="ScopeRuntimeData.h">
      <Filter>Header Files</Filter>
    </ClInclude>
    <ClInclude Include="FFStack.h">
      <Filter>Header Files</Filter>
    </ClInclude>
    <ClInclude Include="ffutil.hpp">
      <Filter>Header Files</Filter>
    </ClInclude>
    <ClInclude Include="ScriptParamBuffer.hpp">
      <Filter>Header Files</Filter>
    </ClInclude>
    <ClInclude Include="Utility.hpp">
      <Filter>Header Files</Filter>
    </ClInclude>
    <ClInclude Include="CompositeConstrutorUnit.h">
      <Filter>Header Files</Filter>
    </ClInclude>
    <ClInclude Include="FwdCompositeConstrutorUnit.h">
      <Filter>Header Files</Filter>
    </ClInclude>
    <ClInclude Include="Preprocessor.h">
      <Filter>Header Files</Filter>
    </ClInclude>
    <ClInclude Include="DefaultPreprocessor.h">
      <Filter>Header Files</Filter>
    </ClInclude>
    <ClInclude Include="RawStringLib.h">
      <Filter>Header Files</Filter>
    </ClInclude>
  </ItemGroup>
  <ItemGroup>
    <ClCompile Include="stdafx.cpp">
      <Filter>Source Files</Filter>
    </ClCompile>
    <ClCompile Include="ExpresionParser.cpp">
      <Filter>Source Files</Filter>
    </ClCompile>
    <ClCompile Include="Expression.cpp">
      <Filter>Source Files</Filter>
    </ClCompile>
    <ClCompile Include="function\DynamicFunction.cpp">
      <Filter>Source Files\Function</Filter>
    </ClCompile>
    <ClCompile Include="ScriptCompiler.cpp">
      <Filter>Source Files</Filter>
    </ClCompile>
    <ClCompile Include="ScriptScope.cpp">
      <Filter>Source Files</Filter>
    </ClCompile>
    <ClCompile Include="Variable.cpp">
      <Filter>Source Files</Filter>
    </ClCompile>
    <ClCompile Include="FactoryTree.cpp">
      <Filter>Source Files</Filter>
    </ClCompile>
    <ClCompile Include="FunctionFactory.cpp">
      <Filter>Source Files</Filter>
    </ClCompile>
    <ClCompile Include="expressionunit.cpp">
      <Filter>Source Files</Filter>
    </ClCompile>
    <ClCompile Include="Executor.cpp">
      <Filter>Source Files</Filter>
    </ClCompile>
    <ClCompile Include="Internal.cpp">
      <Filter>Source Files</Filter>
    </ClCompile>
    <ClCompile Include="function\DynamicFunction2.cpp">
      <Filter>Source Files\Function</Filter>
    </ClCompile>
    <ClCompile Include="Context.cpp">
      <Filter>Source Files</Filter>
    </ClCompile>
    <ClCompile Include="GlobalScope.cpp">
      <Filter>Source Files</Filter>
    </ClCompile>
    <ClCompile Include="Program.cpp">
      <Filter>Source Files</Filter>
    </ClCompile>
    <ClCompile Include="GlobalScopeParser.cpp">
      <Filter>Source Files</Filter>
    </ClCompile>
    <ClCompile Include="Utils.cpp">
      <Filter>Source Files</Filter>
    </ClCompile>
    <ClCompile Include="ScriptScopeParser.cpp">
      <Filter>Source Files</Filter>
    </ClCompile>
    <ClCompile Include="ContextScope.cpp">
      <Filter>Source Files</Filter>
    </ClCompile>
    <ClCompile Include="FunctionScope.cpp">
      <Filter>Source Files</Filter>
    </ClCompile>
    <ClCompile Include="Supportfunctions.cpp">
      <Filter>Source Files</Filter>
    </ClCompile>
    <ClCompile Include="CommandUnit.cpp">
      <Filter>Source Files</Filter>
    </ClCompile>
    <ClCompile Include="ScriptFunction.cpp">
      <Filter>Source Files</Filter>
    </ClCompile>
    <ClCompile Include="BasicFunction.cpp">
      <Filter>Source Files</Filter>
    </ClCompile>
    <ClCompile Include="BasicType.cpp">
      <Filter>Source Files</Filter>
    </ClCompile>
    <ClCompile Include="MemoryBlock.cpp">
      <Filter>Source Files</Filter>
    </ClCompile>
    <ClCompile Include="RefFunction.cpp">
      <Filter>Source Files</Filter>
    </ClCompile>
    <ClCompile Include="StaticContext.cpp">
      <Filter>Source Files</Filter>
    </ClCompile>
    <ClCompile Include="ControllerExecutor.cpp">
      <Filter>Source Files</Filter>
    </ClCompile>
    <ClCompile Include="ExpUnitExecutor.cpp">
      <Filter>Source Files</Filter>
    </ClCompile>
    <ClCompile Include="ScriptTask.cpp">
      <Filter>Source Files</Filter>
    </ClCompile>
    <ClCompile Include="InstructionCommand.cpp">
      <Filter>Source Files</Filter>
    </ClCompile>
    <ClCompile Include="LoopScope.cpp">
      <Filter>Source Files</Filter>
    </ClCompile>
    <ClCompile Include="CommandTree.cpp">
      <Filter>Source Files</Filter>
    </ClCompile>
    <ClCompile Include="ExpUnitExecutor2.cpp">
      <Filter>Source Files</Filter>
    </ClCompile>
    <ClCompile Include="ReservedContextScope.cpp">
      <Filter>Source Files</Filter>
    </ClCompile>
    <ClCompile Include="tree\Tree.cpp">
      <Filter>Tree</Filter>
    </ClCompile>
    <ClCompile Include="template\TemplateTypeManager.cpp">
      <Filter>template</Filter>
    </ClCompile>
    <ClCompile Include="DynamicFunctionFactory.cpp">
      <Filter>Source Files</Filter>
    </ClCompile>
    <ClCompile Include="StructClass.cpp">
      <Filter>Source Files</Filter>
    </ClCompile>
    <ClCompile Include="MemberVariableAccessors.cpp">
      <Filter>Source Files</Filter>
    </ClCompile>
    <ClCompile Include="CodeUpdater.cpp">
      <Filter>Source Files</Filter>
    </ClCompile>
    <ClCompile Include="ScopedContext.cpp">
      <Filter>Source Files</Filter>
    </ClCompile>
    <ClCompile Include="ScopedCompilingScope.cpp">
      <Filter>Source Files</Filter>
    </ClCompile>
    <ClCompile Include="FunctionRegisterHelper.cpp">
      <Filter>Source Files</Filter>
    </ClCompile>
    <ClCompile Include="FuncLibrary.cpp">
      <Filter>Source Files</Filter>
    </ClCompile>
    <ClCompile Include="TypeManager.cpp">
      <Filter>Source Files</Filter>
    </ClCompile>
    <ClCompile Include="InternalCompilerSuite.cpp">
      <Filter>Source Files</Filter>
    </ClCompile>
    <ClCompile Include="CompilerSuite.cpp">
      <Filter>Source Files</Filter>
    </ClCompile>
    <ClCompile Include="ConditionalOperator.cpp">
      <Filter>Source Files</Filter>
    </ClCompile>
    <ClCompile Include="DefaultCommands.cpp">
      <Filter>Source Files</Filter>
    </ClCompile>
    <ClCompile Include="OverloadingRules.cpp">
      <Filter>Source Files</Filter>
    </ClCompile>
    <ClCompile Include="ScriptType.cpp">
      <Filter>Source Files</Filter>
    </ClCompile>
    <ClCompile Include="ScriptArgStream.cpp">
      <Filter>Source Files</Filter>
    </ClCompile>
    <ClCompile Include="Template.cpp">
      <Filter>Source Files</Filter>
    </ClCompile>
    <ClCompile Include="OperatorObject.cpp">
      <Filter>Source Files</Filter>
    </ClCompile>
    <ClCompile Include="ScopeRuntimeData.cpp">
      <Filter>Source Files</Filter>
    </ClCompile>
    <ClCompile Include="CompositeConstrutorUnit.cpp">
      <Filter>Source Files</Filter>
    </ClCompile>
    <ClCompile Include="FwdCompositeConstrutorUnit.cpp">
      <Filter>Source Files</Filter>
    </ClCompile>
    <ClCompile Include="Preprocessor.cpp">
      <Filter>Source Files</Filter>
    </ClCompile>
    <ClCompile Include="DefaultPreprocessor.cpp">
      <Filter>Source Files</Filter>
    </ClCompile>
    <ClCompile Include="RawStringLib.cpp">
      <Filter>Source Files</Filter>
    </ClCompile>
  </ItemGroup>
</Project>